packages:
  - name: codegen
    package: dbt-labs/codegen
    version: 0.13.1
  - name: dbt_utils
    package: dbt-labs/dbt_utils
    version: 1.3.1
  - name: dbt_date
    package: godatadriven/dbt_date
    version: 0.15.0
  - name: elementary
    package: elementary-data/elementary
    version: 0.20.1
sha1_hash: f1b7a39d78afdc9c037f59b65e68846c0e09130e
